
Microsoft Visual Studio Solution File, Format Version 12.00
# Visual Studio 2013
VisualStudioVersion = 12.0.30501.0
MinimumVisualStudioVersion = 10.0.40219.1
Project("{2150E333-8FDC-42A3-9474-1A3956D46DE8}") = "Task1", "Task1", "{52C90282-1FC6-41CB-AC1A-3BAA4ACB8904}"
EndProject
Project("{FAE04EC0-301F-11D3-BF4B-00C04F79EFBC}") = "CustomList", "Task1\CustomList\CustomList.csproj", "{B380AC38-C9B4-425C-A9C4-BCE727D2A017}"
EndProject
Project("{FAE04EC0-301F-11D3-BF4B-00C04F79EFBC}") = "CustomListUnitTestProject", "Task1\UnitTestProject1\CustomListUnitTestProject.csproj", "{B8EA4022-7853-462A-A399-3C50E0A84ADD}"
EndProject
Global
	GlobalSection(SolutionConfigurationPlatforms) = preSolution
		Debug|Any CPU = Debug|Any CPU
		Release|Any CPU = Release|Any CPU
	EndGlobalSection
	GlobalSection(ProjectConfigurationPlatforms) = postSolution
		{B380AC38-C9B4-425C-A9C4-BCE727D2A017}.Debug|Any CPU.ActiveCfg = Debug|Any CPU
		{B380AC38-C9B4-425C-A9C4-BCE727D2A017}.Debug|Any CPU.Build.0 = Debug|Any CPU
		{B380AC38-C9B4-425C-A9C4-BCE727D2A017}.Release|Any CPU.ActiveCfg = Release|Any CPU
		{B380AC38-C9B4-425C-A9C4-BCE727D2A017}.Release|Any CPU.Build.0 = Release|Any CPU
		{B8EA4022-7853-462A-A399-3C50E0A84ADD}.Debug|Any CPU.ActiveCfg = Debug|Any CPU
		{B8EA4022-7853-462A-A399-3C50E0A84ADD}.Debug|Any CPU.Build.0 = Debug|Any CPU
		{B8EA4022-7853-462A-A399-3C50E0A84ADD}.Release|Any CPU.ActiveCfg = Release|Any CPU
		{B8EA4022-7853-462A-A399-3C50E0A84ADD}.Release|Any CPU.Build.0 = Release|Any CPU
	EndGlobalSection
	GlobalSection(SolutionProperties) = preSolution
		HideSolutionNode = FALSE
	EndGlobalSection
	GlobalSection(NestedProjects) = preSolution
		{B380AC38-C9B4-425C-A9C4-BCE727D2A017} = {52C90282-1FC6-41CB-AC1A-3BAA4ACB8904}
		{B8EA4022-7853-462A-A399-3C50E0A84ADD} = {52C90282-1FC6-41CB-AC1A-3BAA4ACB8904}
	EndGlobalSection
EndGlobal
