
Microsoft Visual Studio Solution File, Format Version 12.00
# Visual Studio 2013
VisualStudioVersion = 12.0.30501.0
MinimumVisualStudioVersion = 10.0.40219.1
Project("{2150E333-8FDC-42A3-9474-1A3956D46DE8}") = "Task1", "Task1", "{52C90282-1FC6-41CB-AC1A-3BAA4ACB8904}"
EndProject
Project("{FAE04EC0-301F-11D3-BF4B-00C04F79EFBC}") = "CustomList", "Task1\CustomList\CustomList.csproj", "{B380AC38-C9B4-425C-A9C4-BCE727D2A017}"
EndProject
Project("{FAE04EC0-301F-11D3-BF4B-00C04F79EFBC}") = "CustomListUnitTestProject", "Task1\UnitTestProject1\CustomListUnitTestProject.csproj", "{B8EA4022-7853-462A-A399-3C50E0A84ADD}"
EndProject
Project("{2150E333-8FDC-42A3-9474-1A3956D46DE8}") = "Task2", "Task2", "{420F8219-13B8-48AD-B17D-057EA5A0F5FE}"
EndProject
Project("{FAE04EC0-301F-11D3-BF4B-00C04F79EFBC}") = "CustomQueue", "Task2\CustomQueue\CustomQueue.csproj", "{2BF2CABE-9CF5-42D4-AB15-D5F93636B591}"
EndProject
Project("{FAE04EC0-301F-11D3-BF4B-00C04F79EFBC}") = "CustomQueueTests", "Task2\CustomQueueTests\CustomQueueTests.csproj", "{47EABCE1-4060-463F-BFA6-8112DAC41355}"
EndProject
Global
	GlobalSection(SolutionConfigurationPlatforms) = preSolution
		Debug|Any CPU = Debug|Any CPU
		Release|Any CPU = Release|Any CPU
	EndGlobalSection
	GlobalSection(ProjectConfigurationPlatforms) = postSolution
		{B380AC38-C9B4-425C-A9C4-BCE727D2A017}.Debug|Any CPU.ActiveCfg = Debug|Any CPU
		{B380AC38-C9B4-425C-A9C4-BCE727D2A017}.Debug|Any CPU.Build.0 = Debug|Any CPU
		{B380AC38-C9B4-425C-A9C4-BCE727D2A017}.Release|Any CPU.ActiveCfg = Release|Any CPU
		{B380AC38-C9B4-425C-A9C4-BCE727D2A017}.Release|Any CPU.Build.0 = Release|Any CPU
		{B8EA4022-7853-462A-A399-3C50E0A84ADD}.Debug|Any CPU.ActiveCfg = Debug|Any CPU
		{B8EA4022-7853-462A-A399-3C50E0A84ADD}.Debug|Any CPU.Build.0 = Debug|Any CPU
		{B8EA4022-7853-462A-A399-3C50E0A84ADD}.Release|Any CPU.ActiveCfg = Release|Any CPU
		{B8EA4022-7853-462A-A399-3C50E0A84ADD}.Release|Any CPU.Build.0 = Release|Any CPU
		{2BF2CABE-9CF5-42D4-AB15-D5F93636B591}.Debug|Any CPU.ActiveCfg = Debug|Any CPU
		{2BF2CABE-9CF5-42D4-AB15-D5F93636B591}.Debug|Any CPU.Build.0 = Debug|Any CPU
		{2BF2CABE-9CF5-42D4-AB15-D5F93636B591}.Release|Any CPU.ActiveCfg = Release|Any CPU
		{2BF2CABE-9CF5-42D4-AB15-D5F93636B591}.Release|Any CPU.Build.0 = Release|Any CPU
		{47EABCE1-4060-463F-BFA6-8112DAC41355}.Debug|Any CPU.ActiveCfg = Debug|Any CPU
		{47EABCE1-4060-463F-BFA6-8112DAC41355}.Debug|Any CPU.Build.0 = Debug|Any CPU
		{47EABCE1-4060-463F-BFA6-8112DAC41355}.Release|Any CPU.ActiveCfg = Release|Any CPU
		{47EABCE1-4060-463F-BFA6-8112DAC41355}.Release|Any CPU.Build.0 = Release|Any CPU
	EndGlobalSection
	GlobalSection(SolutionProperties) = preSolution
		HideSolutionNode = FALSE
	EndGlobalSection
	GlobalSection(NestedProjects) = preSolution
		{B380AC38-C9B4-425C-A9C4-BCE727D2A017} = {52C90282-1FC6-41CB-AC1A-3BAA4ACB8904}
		{B8EA4022-7853-462A-A399-3C50E0A84ADD} = {52C90282-1FC6-41CB-AC1A-3BAA4ACB8904}
		{2BF2CABE-9CF5-42D4-AB15-D5F93636B591} = {420F8219-13B8-48AD-B17D-057EA5A0F5FE}
		{47EABCE1-4060-463F-BFA6-8112DAC41355} = {420F8219-13B8-48AD-B17D-057EA5A0F5FE}
	EndGlobalSection
EndGlobal
